// !$*UTF8*$!
{
	archiveVersion = 1;
	classes = {
	};
	objectVersion = 50;
	objects = {

/* Begin PBXBuildFile section */
		E898AB162546FEB90050773C /* README.md in Resources */ = {isa = PBXBuildFile; fileRef = E898AB152546FEB90050773C /* README.md */; };
		E8D0F1F62544214800BEC927 /* AppDelegate.swift in Sources */ = {isa = PBXBuildFile; fileRef = E8D0F1F52544214800BEC927 /* AppDelegate.swift */; };
		E8D0F1F82544214800BEC927 /* SceneDelegate.swift in Sources */ = {isa = PBXBuildFile; fileRef = E8D0F1F72544214800BEC927 /* SceneDelegate.swift */; };
		E8D0F1FA2544214800BEC927 /* SpriteKitVC.swift in Sources */ = {isa = PBXBuildFile; fileRef = E8D0F1F92544214800BEC927 /* SpriteKitVC.swift */; };
		E8D0F1FD2544214800BEC927 /* Main.storyboard in Resources */ = {isa = PBXBuildFile; fileRef = E8D0F1FB2544214800BEC927 /* Main.storyboard */; };
		E8D0F1FF2544214A00BEC927 /* Assets.xcassets in Resources */ = {isa = PBXBuildFile; fileRef = E8D0F1FE2544214A00BEC927 /* Assets.xcassets */; };
		E8D0F2022544214A00BEC927 /* LaunchScreen.storyboard in Resources */ = {isa = PBXBuildFile; fileRef = E8D0F2002544214A00BEC927 /* LaunchScreen.storyboard */; };
		E8D0F20D2544214A00BEC927 /* SpritekitDemoTests.swift in Sources */ = {isa = PBXBuildFile; fileRef = E8D0F20C2544214A00BEC927 /* SpritekitDemoTests.swift */; };
		E8D0F2182544214A00BEC927 /* SpritekitDemoUITests.swift in Sources */ = {isa = PBXBuildFile; fileRef = E8D0F2172544214A00BEC927 /* SpritekitDemoUITests.swift */; };
		E8D0F22F254427A500BEC927 /* MetalVC.swift in Sources */ = {isa = PBXBuildFile; fileRef = E8D0F22E254427A500BEC927 /* MetalVC.swift */; };
		E8D0F23C254538CE00BEC927 /* MyParticle.sks in Resources */ = {isa = PBXBuildFile; fileRef = E8D0F23B254538CE00BEC927 /* MyParticle.sks */; };
		E8D0F244254538F000BEC927 /* MyParticle01.sks in Resources */ = {isa = PBXBuildFile; fileRef = E8D0F243254538F000BEC927 /* MyParticle01.sks */; };
		E8D0F2492545390400BEC927 /* MyParticle02.sks in Resources */ = {isa = PBXBuildFile; fileRef = E8D0F2482545390400BEC927 /* MyParticle02.sks */; };
		E8D0F24E2545391200BEC927 /* MyParticle03.sks in Resources */ = {isa = PBXBuildFile; fileRef = E8D0F24D2545391200BEC927 /* MyParticle03.sks */; };
		E8D0F2532545391F00BEC927 /* MyParticle04.sks in Resources */ = {isa = PBXBuildFile; fileRef = E8D0F2522545391F00BEC927 /* MyParticle04.sks */; };
		E8D0F2582545393300BEC927 /* MyParticle05.sks in Resources */ = {isa = PBXBuildFile; fileRef = E8D0F2572545393300BEC927 /* MyParticle05.sks */; };
		E8D0F25D2545393F00BEC927 /* MyParticle06.sks in Resources */ = {isa = PBXBuildFile; fileRef = E8D0F25C2545393F00BEC927 /* MyParticle06.sks */; };
		E8D0F2622545394C00BEC927 /* MyParticle07.sks in Resources */ = {isa = PBXBuildFile; fileRef = E8D0F2612545394C00BEC927 /* MyParticle07.sks */; };
		E8D0F269254543BD00BEC927 /* SpriteKitNode.swift in Sources */ = {isa = PBXBuildFile; fileRef = E8D0F268254543BD00BEC927 /* SpriteKitNode.swift */; };
		E8D0F26E254543CD00BEC927 /* SKShapeNode.swift in Sources */ = {isa = PBXBuildFile; fileRef = E8D0F26D254543CD00BEC927 /* SKShapeNode.swift */; };
		E8D0F273254543EB00BEC927 /* SKParticleNode.swift in Sources */ = {isa = PBXBuildFile; fileRef = E8D0F272254543EB00BEC927 /* SKParticleNode.swift */; };
		E8D0F2832545B50400BEC927 /* myScene.scn in Resources */ = {isa = PBXBuildFile; fileRef = E8D0F2822545B50400BEC927 /* myScene.scn */; };
/* End PBXBuildFile section */

/* Begin PBXContainerItemProxy section */
		E8D0F2092544214A00BEC927 /* PBXContainerItemProxy */ = {
			isa = PBXContainerItemProxy;
			containerPortal = E8D0F1EA2544214800BEC927 /* Project object */;
			proxyType = 1;
			remoteGlobalIDString = E8D0F1F12544214800BEC927;
			remoteInfo = SpritekitDemo;
		};
		E8D0F2142544214A00BEC927 /* PBXContainerItemProxy */ = {
			isa = PBXContainerItemProxy;
			containerPortal = E8D0F1EA2544214800BEC927 /* Project object */;
			proxyType = 1;
			remoteGlobalIDString = E8D0F1F12544214800BEC927;
			remoteInfo = SpritekitDemo;
		};
/* End PBXContainerItemProxy section */

/* Begin PBXFileReference section */
		E898AB152546FEB90050773C /* README.md */ = {isa = PBXFileReference; lastKnownFileType = net.daringfireball.markdown; path = README.md; sourceTree = "<group>"; };
		E8D0F1F22544214800BEC927 /* SpritekitDemo.app */ = {isa = PBXFileReference; explicitFileType = wrapper.application; includeInIndex = 0; path = SpritekitDemo.app; sourceTree = BUILT_PRODUCTS_DIR; };
		E8D0F1F52544214800BEC927 /* AppDelegate.swift */ = {isa = PBXFileReference; lastKnownFileType = sourcecode.swift; path = AppDelegate.swift; sourceTree = "<group>"; };
		E8D0F1F72544214800BEC927 /* SceneDelegate.swift */ = {isa = PBXFileReference; lastKnownFileType = sourcecode.swift; path = SceneDelegate.swift; sourceTree = "<group>"; };
		E8D0F1F92544214800BEC927 /* SpriteKitVC.swift */ = {isa = PBXFileReference; lastKnownFileType = sourcecode.swift; path = SpriteKitVC.swift; sourceTree = "<group>"; };
		E8D0F1FC2544214800BEC927 /* Base */ = {isa = PBXFileReference; lastKnownFileType = file.storyboard; name = Base; path = Base.lproj/Main.storyboard; sourceTree = "<group>"; };
		E8D0F1FE2544214A00BEC927 /* Assets.xcassets */ = {isa = PBXFileReference; lastKnownFileType = folder.assetcatalog; path = Assets.xcassets; sourceTree = "<group>"; };
		E8D0F2012544214A00BEC927 /* Base */ = {isa = PBXFileReference; lastKnownFileType = file.storyboard; name = Base; path = Base.lproj/LaunchScreen.storyboard; sourceTree = "<group>"; };
		E8D0F2032544214A00BEC927 /* Info.plist */ = {isa = PBXFileReference; lastKnownFileType = text.plist.xml; path = Info.plist; sourceTree = "<group>"; };
		E8D0F2082544214A00BEC927 /* SpritekitDemoTests.xctest */ = {isa = PBXFileReference; explicitFileType = wrapper.cfbundle; includeInIndex = 0; path = SpritekitDemoTests.xctest; sourceTree = BUILT_PRODUCTS_DIR; };
		E8D0F20C2544214A00BEC927 /* SpritekitDemoTests.swift */ = {isa = PBXFileReference; lastKnownFileType = sourcecode.swift; path = SpritekitDemoTests.swift; sourceTree = "<group>"; };
		E8D0F20E2544214A00BEC927 /* Info.plist */ = {isa = PBXFileReference; lastKnownFileType = text.plist.xml; path = Info.plist; sourceTree = "<group>"; };
		E8D0F2132544214A00BEC927 /* SpritekitDemoUITests.xctest */ = {isa = PBXFileReference; explicitFileType = wrapper.cfbundle; includeInIndex = 0; path = SpritekitDemoUITests.xctest; sourceTree = BUILT_PRODUCTS_DIR; };
		E8D0F2172544214A00BEC927 /* SpritekitDemoUITests.swift */ = {isa = PBXFileReference; lastKnownFileType = sourcecode.swift; path = SpritekitDemoUITests.swift; sourceTree = "<group>"; };
		E8D0F2192544214A00BEC927 /* Info.plist */ = {isa = PBXFileReference; lastKnownFileType = text.plist.xml; path = Info.plist; sourceTree = "<group>"; };
		E8D0F22E254427A500BEC927 /* MetalVC.swift */ = {isa = PBXFileReference; lastKnownFileType = sourcecode.swift; path = MetalVC.swift; sourceTree = "<group>"; };
		E8D0F23B254538CE00BEC927 /* MyParticle.sks */ = {isa = PBXFileReference; lastKnownFileType = file.sks; path = MyParticle.sks; sourceTree = "<group>"; };
		E8D0F243254538F000BEC927 /* MyParticle01.sks */ = {isa = PBXFileReference; lastKnownFileType = file.sks; path = MyParticle01.sks; sourceTree = "<group>"; };
		E8D0F2482545390400BEC927 /* MyParticle02.sks */ = {isa = PBXFileReference; lastKnownFileType = file.sks; path = MyParticle02.sks; sourceTree = "<group>"; };
		E8D0F24D2545391200BEC927 /* MyParticle03.sks */ = {isa = PBXFileReference; lastKnownFileType = file.sks; path = MyParticle03.sks; sourceTree = "<group>"; };
		E8D0F2522545391F00BEC927 /* MyParticle04.sks */ = {isa = PBXFileReference; lastKnownFileType = file.sks; path = MyParticle04.sks; sourceTree = "<group>"; };
		E8D0F2572545393300BEC927 /* MyParticle05.sks */ = {isa = PBXFileReference; lastKnownFileType = file.sks; path = MyParticle05.sks; sourceTree = "<group>"; };
		E8D0F25C2545393F00BEC927 /* MyParticle06.sks */ = {isa = PBXFileReference; lastKnownFileType = file.sks; path = MyParticle06.sks; sourceTree = "<group>"; };
		E8D0F2612545394C00BEC927 /* MyParticle07.sks */ = {isa = PBXFileReference; lastKnownFileType = file.sks; path = MyParticle07.sks; sourceTree = "<group>"; };
		E8D0F268254543BD00BEC927 /* SpriteKitNode.swift */ = {isa = PBXFileReference; lastKnownFileType = sourcecode.swift; path = SpriteKitNode.swift; sourceTree = "<group>"; };
		E8D0F26D254543CD00BEC927 /* SKShapeNode.swift */ = {isa = PBXFileReference; lastKnownFileType = sourcecode.swift; path = SKShapeNode.swift; sourceTree = "<group>"; };
		E8D0F272254543EB00BEC927 /* SKParticleNode.swift */ = {isa = PBXFileReference; lastKnownFileType = sourcecode.swift; path = SKParticleNode.swift; sourceTree = "<group>"; };
		E8D0F2822545B50400BEC927 /* myScene.scn */ = {isa = PBXFileReference; lastKnownFileType = file.bplist; path = myScene.scn; sourceTree = "<group>"; };
/* End PBXFileReference section */

/* Begin PBXFrameworksBuildPhase section */
		E8D0F1EF2544214800BEC927 /* Frameworks */ = {
			isa = PBXFrameworksBuildPhase;
			buildActionMask = 2147483647;
			files = (
			);
			runOnlyForDeploymentPostprocessing = 0;
		};
		E8D0F2052544214A00BEC927 /* Frameworks */ = {
			isa = PBXFrameworksBuildPhase;
			buildActionMask = 2147483647;
			files = (
			);
			runOnlyForDeploymentPostprocessing = 0;
		};
		E8D0F2102544214A00BEC927 /* Frameworks */ = {
			isa = PBXFrameworksBuildPhase;
			buildActionMask = 2147483647;
			files = (
			);
			runOnlyForDeploymentPostprocessing = 0;
		};
/* End PBXFrameworksBuildPhase section */

/* Begin PBXGroup section */
		E8D0F1E92544214800BEC927 = {
			isa = PBXGroup;
			children = (
				E8D0F1F42544214800BEC927 /* SpritekitDemo */,
				E8D0F20B2544214A00BEC927 /* SpritekitDemoTests */,
				E8D0F2162544214A00BEC927 /* SpritekitDemoUITests */,
				E8D0F1F32544214800BEC927 /* Products */,
			);
			sourceTree = "<group>";
		};
		E8D0F1F32544214800BEC927 /* Products */ = {
			isa = PBXGroup;
			children = (
				E8D0F1F22544214800BEC927 /* SpritekitDemo.app */,
				E8D0F2082544214A00BEC927 /* SpritekitDemoTests.xctest */,
				E8D0F2132544214A00BEC927 /* SpritekitDemoUITests.xctest */,
			);
			name = Products;
			sourceTree = "<group>";
		};
		E8D0F1F42544214800BEC927 /* SpritekitDemo */ = {
			isa = PBXGroup;
			children = (
				E8D0F2812545B4EB00BEC927 /* SCN */,
				E8D0F2672545437F00BEC927 /* SceneNode */,
				E8D0F2662545437600BEC927 /* VC */,
				E8D0F2802545B4D600BEC927 /* SKS */,
				E8D0F1F52544214800BEC927 /* AppDelegate.swift */,
				E8D0F1F72544214800BEC927 /* SceneDelegate.swift */,
				E8D0F1FB2544214800BEC927 /* Main.storyboard */,
				E8D0F1FE2544214A00BEC927 /* Assets.xcassets */,
				E8D0F2002544214A00BEC927 /* LaunchScreen.storyboard */,
				E8D0F2032544214A00BEC927 /* Info.plist */,
				E898AB152546FEB90050773C /* README.md */,
			);
			path = SpritekitDemo;
			sourceTree = "<group>";
		};
		E8D0F20B2544214A00BEC927 /* SpritekitDemoTests */ = {
			isa = PBXGroup;
			children = (
				E8D0F20C2544214A00BEC927 /* SpritekitDemoTests.swift */,
				E8D0F20E2544214A00BEC927 /* Info.plist */,
			);
			path = SpritekitDemoTests;
			sourceTree = "<group>";
		};
		E8D0F2162544214A00BEC927 /* SpritekitDemoUITests */ = {
			isa = PBXGroup;
			children = (
				E8D0F2172544214A00BEC927 /* SpritekitDemoUITests.swift */,
				E8D0F2192544214A00BEC927 /* Info.plist */,
			);
			path = SpritekitDemoUITests;
			sourceTree = "<group>";
		};
		E8D0F2662545437600BEC927 /* VC */ = {
			isa = PBXGroup;
			children = (
				E8D0F1F92544214800BEC927 /* SpriteKitVC.swift */,
				E8D0F22E254427A500BEC927 /* MetalVC.swift */,
			);
			path = VC;
			sourceTree = "<group>";
		};
		E8D0F2672545437F00BEC927 /* SceneNode */ = {
			isa = PBXGroup;
			children = (
				E8D0F268254543BD00BEC927 /* SpriteKitNode.swift */,
				E8D0F26D254543CD00BEC927 /* SKShapeNode.swift */,
				E8D0F272254543EB00BEC927 /* SKParticleNode.swift */,
			);
			path = SceneNode;
			sourceTree = "<group>";
		};
		E8D0F2802545B4D600BEC927 /* SKS */ = {
			isa = PBXGroup;
			children = (
				E8D0F23B254538CE00BEC927 /* MyParticle.sks */,
				E8D0F243254538F000BEC927 /* MyParticle01.sks */,
				E8D0F2482545390400BEC927 /* MyParticle02.sks */,
				E8D0F24D2545391200BEC927 /* MyParticle03.sks */,
				E8D0F2522545391F00BEC927 /* MyParticle04.sks */,
				E8D0F2572545393300BEC927 /* MyParticle05.sks */,
				E8D0F25C2545393F00BEC927 /* MyParticle06.sks */,
				E8D0F2612545394C00BEC927 /* MyParticle07.sks */,
			);
			path = SKS;
			sourceTree = "<group>";
		};
		E8D0F2812545B4EB00BEC927 /* SCN */ = {
			isa = PBXGroup;
			children = (
				E8D0F2822545B50400BEC927 /* myScene.scn */,
			);
			path = SCN;
			sourceTree = "<group>";
		};
/* End PBXGroup section */

/* Begin PBXNativeTarget section */
		E8D0F1F12544214800BEC927 /* SpritekitDemo */ = {
			isa = PBXNativeTarget;
			buildConfigurationList = E8D0F21C2544214A00BEC927 /* Build configuration list for PBXNativeTarget "SpritekitDemo" */;
			buildPhases = (
				E8D0F1EE2544214800BEC927 /* Sources */,
				E8D0F1EF2544214800BEC927 /* Frameworks */,
				E8D0F1F02544214800BEC927 /* Resources */,
			);
			buildRules = (
			);
			dependencies = (
			);
			name = SpritekitDemo;
			productName = SpritekitDemo;
			productReference = E8D0F1F22544214800BEC927 /* SpritekitDemo.app */;
			productType = "com.apple.product-type.application";
		};
		E8D0F2072544214A00BEC927 /* SpritekitDemoTests */ = {
			isa = PBXNativeTarget;
			buildConfigurationList = E8D0F21F2544214A00BEC927 /* Build configuration list for PBXNativeTarget "SpritekitDemoTests" */;
			buildPhases = (
				E8D0F2042544214A00BEC927 /* Sources */,
				E8D0F2052544214A00BEC927 /* Frameworks */,
				E8D0F2062544214A00BEC927 /* Resources */,
			);
			buildRules = (
			);
			dependencies = (
				E8D0F20A2544214A00BEC927 /* PBXTargetDependency */,
			);
			name = SpritekitDemoTests;
			productName = SpritekitDemoTests;
			productReference = E8D0F2082544214A00BEC927 /* SpritekitDemoTests.xctest */;
			productType = "com.apple.product-type.bundle.unit-test";
		};
		E8D0F2122544214A00BEC927 /* SpritekitDemoUITests */ = {
			isa = PBXNativeTarget;
			buildConfigurationList = E8D0F2222544214A00BEC927 /* Build configuration list for PBXNativeTarget "SpritekitDemoUITests" */;
			buildPhases = (
				E8D0F20F2544214A00BEC927 /* Sources */,
				E8D0F2102544214A00BEC927 /* Frameworks */,
				E8D0F2112544214A00BEC927 /* Resources */,
			);
			buildRules = (
			);
			dependencies = (
				E8D0F2152544214A00BEC927 /* PBXTargetDependency */,
			);
			name = SpritekitDemoUITests;
			productName = SpritekitDemoUITests;
			productReference = E8D0F2132544214A00BEC927 /* SpritekitDemoUITests.xctest */;
			productType = "com.apple.product-type.bundle.ui-testing";
		};
/* End PBXNativeTarget section */

/* Begin PBXProject section */
		E8D0F1EA2544214800BEC927 /* Project object */ = {
			isa = PBXProject;
			attributes = {
				LastSwiftUpdateCheck = 1210;
				LastUpgradeCheck = 1210;
				TargetAttributes = {
					E8D0F1F12544214800BEC927 = {
						CreatedOnToolsVersion = 12.1;
					};
					E8D0F2072544214A00BEC927 = {
						CreatedOnToolsVersion = 12.1;
						TestTargetID = E8D0F1F12544214800BEC927;
					};
					E8D0F2122544214A00BEC927 = {
						CreatedOnToolsVersion = 12.1;
						TestTargetID = E8D0F1F12544214800BEC927;
					};
				};
			};
			buildConfigurationList = E8D0F1ED2544214800BEC927 /* Build configuration list for PBXProject "SpritekitDemo" */;
			compatibilityVersion = "Xcode 9.3";
			developmentRegion = en;
			hasScannedForEncodings = 0;
			knownRegions = (
				en,
				Base,
			);
			mainGroup = E8D0F1E92544214800BEC927;
			productRefGroup = E8D0F1F32544214800BEC927 /* Products */;
			projectDirPath = "";
			projectRoot = "";
			targets = (
				E8D0F1F12544214800BEC927 /* SpritekitDemo */,
				E8D0F2072544214A00BEC927 /* SpritekitDemoTests */,
				E8D0F2122544214A00BEC927 /* SpritekitDemoUITests */,
			);
		};
/* End PBXProject section */

/* Begin PBXResourcesBuildPhase section */
		E8D0F1F02544214800BEC927 /* Resources */ = {
			isa = PBXResourcesBuildPhase;
			buildActionMask = 2147483647;
			files = (
				E898AB162546FEB90050773C /* README.md in Resources */,
				E8D0F2022544214A00BEC927 /* LaunchScreen.storyboard in Resources */,
				E8D0F2832545B50400BEC927 /* myScene.scn in Resources */,
				E8D0F1FF2544214A00BEC927 /* Assets.xcassets in Resources */,
				E8D0F24E2545391200BEC927 /* MyParticle03.sks in Resources */,
				E8D0F244254538F000BEC927 /* MyParticle01.sks in Resources */,
				E8D0F1FD2544214800BEC927 /* Main.storyboard in Resources */,
				E8D0F2582545393300BEC927 /* MyParticle05.sks in Resources */,
				E8D0F2532545391F00BEC927 /* MyParticle04.sks in Resources */,
				E8D0F25D2545393F00BEC927 /* MyParticle06.sks in Resources */,
				E8D0F23C254538CE00BEC927 /* MyParticle.sks in Resources */,
				E8D0F2492545390400BEC927 /* MyParticle02.sks in Resources */,
				E8D0F2622545394C00BEC927 /* MyParticle07.sks in Resources */,
			);
			runOnlyForDeploymentPostprocessing = 0;
		};
		E8D0F2062544214A00BEC927 /* Resources */ = {
			isa = PBXResourcesBuildPhase;
			buildActionMask = 2147483647;
			files = (
			);
			runOnlyForDeploymentPostprocessing = 0;
		};
		E8D0F2112544214A00BEC927 /* Resources */ = {
			isa = PBXResourcesBuildPhase;
			buildActionMask = 2147483647;
			files = (
			);
			runOnlyForDeploymentPostprocessing = 0;
		};
/* End PBXResourcesBuildPhase section */

/* Begin PBXSourcesBuildPhase section */
		E8D0F1EE2544214800BEC927 /* Sources */ = {
			isa = PBXSourcesBuildPhase;
			buildActionMask = 2147483647;
			files = (
				E8D0F22F254427A500BEC927 /* MetalVC.swift in Sources */,
				E8D0F26E254543CD00BEC927 /* SKShapeNode.swift in Sources */,
				E8D0F1FA2544214800BEC927 /* SpriteKitVC.swift in Sources */,
				E8D0F269254543BD00BEC927 /* SpriteKitNode.swift in Sources */,
				E8D0F1F62544214800BEC927 /* AppDelegate.swift in Sources */,
				E8D0F1F82544214800BEC927 /* SceneDelegate.swift in Sources */,
				E8D0F273254543EB00BEC927 /* SKParticleNode.swift in Sources */,
			);
			runOnlyForDeploymentPostprocessing = 0;
		};
		E8D0F2042544214A00BEC927 /* Sources */ = {
			isa = PBXSourcesBuildPhase;
			buildActionMask = 2147483647;
			files = (
				E8D0F20D2544214A00BEC927 /* SpritekitDemoTests.swift in Sources */,
			);
			runOnlyForDeploymentPostprocessing = 0;
		};
		E8D0F20F2544214A00BEC927 /* Sources */ = {
			isa = PBXSourcesBuildPhase;
			buildActionMask = 2147483647;
			files = (
				E8D0F2182544214A00BEC927 /* SpritekitDemoUITests.swift in Sources */,
			);
			runOnlyForDeploymentPostprocessing = 0;
		};
/* End PBXSourcesBuildPhase section */

/* Begin PBXTargetDependency section */
		E8D0F20A2544214A00BEC927 /* PBXTargetDependency */ = {
			isa = PBXTargetDependency;
			target = E8D0F1F12544214800BEC927 /* SpritekitDemo */;
			targetProxy = E8D0F2092544214A00BEC927 /* PBXContainerItemProxy */;
		};
		E8D0F2152544214A00BEC927 /* PBXTargetDependency */ = {
			isa = PBXTargetDependency;
			target = E8D0F1F12544214800BEC927 /* SpritekitDemo */;
			targetProxy = E8D0F2142544214A00BEC927 /* PBXContainerItemProxy */;
		};
/* End PBXTargetDependency section */

/* Begin PBXVariantGroup section */
		E8D0F1FB2544214800BEC927 /* Main.storyboard */ = {
			isa = PBXVariantGroup;
			children = (
				E8D0F1FC2544214800BEC927 /* Base */,
			);
			name = Main.storyboard;
			sourceTree = "<group>";
		};
		E8D0F2002544214A00BEC927 /* LaunchScreen.storyboard */ = {
			isa = PBXVariantGroup;
			children = (
				E8D0F2012544214A00BEC927 /* Base */,
			);
			name = LaunchScreen.storyboard;
			sourceTree = "<group>";
		};
/* End PBXVariantGroup section */

/* Begin XCBuildConfiguration section */
		E8D0F21A2544214A00BEC927 /* Debug */ = {
			isa = XCBuildConfiguration;
			buildSettings = {
				ALWAYS_SEARCH_USER_PATHS = NO;
				CLANG_ANALYZER_NONNULL = YES;
				CLANG_ANALYZER_NUMBER_OBJECT_CONVERSION = YES_AGGRESSIVE;
				CLANG_CXX_LANGUAGE_STANDARD = "gnu++14";
				CLANG_CXX_LIBRARY = "libc++";
				CLANG_ENABLE_MODULES = YES;
				CLANG_ENABLE_OBJC_ARC = YES;
				CLANG_ENABLE_OBJC_WEAK = YES;
				CLANG_WARN_BLOCK_CAPTURE_AUTORELEASING = YES;
				CLANG_WARN_BOOL_CONVERSION = YES;
				CLANG_WARN_COMMA = YES;
				CLANG_WARN_CONSTANT_CONVERSION = YES;
				CLANG_WARN_DEPRECATED_OBJC_IMPLEMENTATIONS = YES;
				CLANG_WARN_DIRECT_OBJC_ISA_USAGE = YES_ERROR;
				CLANG_WARN_DOCUMENTATION_COMMENTS = YES;
				CLANG_WARN_EMPTY_BODY = YES;
				CLANG_WARN_ENUM_CONVERSION = YES;
				CLANG_WARN_INFINITE_RECURSION = YES;
				CLANG_WARN_INT_CONVERSION = YES;
				CLANG_WARN_NON_LITERAL_NULL_CONVERSION = YES;
				CLANG_WARN_OBJC_IMPLICIT_RETAIN_SELF = YES;
				CLANG_WARN_OBJC_LITERAL_CONVERSION = YES;
				CLANG_WARN_OBJC_ROOT_CLASS = YES_ERROR;
				CLANG_WARN_QUOTED_INCLUDE_IN_FRAMEWORK_HEADER = YES;
				CLANG_WARN_RANGE_LOOP_ANALYSIS = YES;
				CLANG_WARN_STRICT_PROTOTYPES = YES;
				CLANG_WARN_SUSPICIOUS_MOVE = YES;
				CLANG_WARN_UNGUARDED_AVAILABILITY = YES_AGGRESSIVE;
				CLANG_WARN_UNREACHABLE_CODE = YES;
				CLANG_WARN__DUPLICATE_METHOD_MATCH = YES;
				COPY_PHASE_STRIP = NO;
				DEBUG_INFORMATION_FORMAT = dwarf;
				ENABLE_STRICT_OBJC_MSGSEND = YES;
				ENABLE_TESTABILITY = YES;
				GCC_C_LANGUAGE_STANDARD = gnu11;
				GCC_DYNAMIC_NO_PIC = NO;
				GCC_NO_COMMON_BLOCKS = YES;
				GCC_OPTIMIZATION_LEVEL = 0;
				GCC_PREPROCESSOR_DEFINITIONS = (
					"DEBUG=1",
					"$(inherited)",
				);
				GCC_WARN_64_TO_32_BIT_CONVERSION = YES;
				GCC_WARN_ABOUT_RETURN_TYPE = YES_ERROR;
				GCC_WARN_UNDECLARED_SELECTOR = YES;
				GCC_WARN_UNINITIALIZED_AUTOS = YES_AGGRESSIVE;
				GCC_WARN_UNUSED_FUNCTION = YES;
				GCC_WARN_UNUSED_VARIABLE = YES;
				IPHONEOS_DEPLOYMENT_TARGET = 14.1;
				MTL_ENABLE_DEBUG_INFO = INCLUDE_SOURCE;
				MTL_FAST_MATH = YES;
				ONLY_ACTIVE_ARCH = YES;
				SDKROOT = iphoneos;
				SWIFT_ACTIVE_COMPILATION_CONDITIONS = DEBUG;
				SWIFT_OPTIMIZATION_LEVEL = "-Onone";
			};
			name = Debug;
		};
		E8D0F21B2544214A00BEC927 /* Release */ = {
			isa = XCBuildConfiguration;
			buildSettings = {
				ALWAYS_SEARCH_USER_PATHS = NO;
				CLANG_ANALYZER_NONNULL = YES;
				CLANG_ANALYZER_NUMBER_OBJECT_CONVERSION = YES_AGGRESSIVE;
				CLANG_CXX_LANGUAGE_STANDARD = "gnu++14";
				CLANG_CXX_LIBRARY = "libc++";
				CLANG_ENABLE_MODULES = YES;
				CLANG_ENABLE_OBJC_ARC = YES;
				CLANG_ENABLE_OBJC_WEAK = YES;
				CLANG_WARN_BLOCK_CAPTURE_AUTORELEASING = YES;
				CLANG_WARN_BOOL_CONVERSION = YES;
				CLANG_WARN_COMMA = YES;
				CLANG_WARN_CONSTANT_CONVERSION = YES;
				CLANG_WARN_DEPRECATED_OBJC_IMPLEMENTATIONS = YES;
				CLANG_WARN_DIRECT_OBJC_ISA_USAGE = YES_ERROR;
				CLANG_WARN_DOCUMENTATION_COMMENTS = YES;
				CLANG_WARN_EMPTY_BODY = YES;
				CLANG_WARN_ENUM_CONVERSION = YES;
				CLANG_WARN_INFINITE_RECURSION = YES;
				CLANG_WARN_INT_CONVERSION = YES;
				CLANG_WARN_NON_LITERAL_NULL_CONVERSION = YES;
				CLANG_WARN_OBJC_IMPLICIT_RETAIN_SELF = YES;
				CLANG_WARN_OBJC_LITERAL_CONVERSION = YES;
				CLANG_WARN_OBJC_ROOT_CLASS = YES_ERROR;
				CLANG_WARN_QUOTED_INCLUDE_IN_FRAMEWORK_HEADER = YES;
				CLANG_WARN_RANGE_LOOP_ANALYSIS = YES;
				CLANG_WARN_STRICT_PROTOTYPES = YES;
				CLANG_WARN_SUSPICIOUS_MOVE = YES;
				CLANG_WARN_UNGUARDED_AVAILABILITY = YES_AGGRESSIVE;
				CLANG_WARN_UNREACHABLE_CODE = YES;
				CLANG_WARN__DUPLICATE_METHOD_MATCH = YES;
				COPY_PHASE_STRIP = NO;
				DEBUG_INFORMATION_FORMAT = "dwarf-with-dsym";
				ENABLE_NS_ASSERTIONS = NO;
				ENABLE_STRICT_OBJC_MSGSEND = YES;
				GCC_C_LANGUAGE_STANDARD = gnu11;
				GCC_NO_COMMON_BLOCKS = YES;
				GCC_WARN_64_TO_32_BIT_CONVERSION = YES;
				GCC_WARN_ABOUT_RETURN_TYPE = YES_ERROR;
				GCC_WARN_UNDECLARED_SELECTOR = YES;
				GCC_WARN_UNINITIALIZED_AUTOS = YES_AGGRESSIVE;
				GCC_WARN_UNUSED_FUNCTION = YES;
				GCC_WARN_UNUSED_VARIABLE = YES;
				IPHONEOS_DEPLOYMENT_TARGET = 14.1;
				MTL_ENABLE_DEBUG_INFO = NO;
				MTL_FAST_MATH = YES;
				SDKROOT = iphoneos;
				SWIFT_COMPILATION_MODE = wholemodule;
				SWIFT_OPTIMIZATION_LEVEL = "-O";
				VALIDATE_PRODUCT = YES;
			};
			name = Release;
		};
		E8D0F21D2544214A00BEC927 /* Debug */ = {
			isa = XCBuildConfiguration;
			buildSettings = {
				ASSETCATALOG_COMPILER_APPICON_NAME = AppIcon;
				ASSETCATALOG_COMPILER_GLOBAL_ACCENT_COLOR_NAME = AccentColor;
				CODE_SIGN_STYLE = Automatic;
				DEVELOPMENT_TEAM = 9N24P72S89;
				INFOPLIST_FILE = SpritekitDemo/Info.plist;
				IPHONEOS_DEPLOYMENT_TARGET = 13.6;
				LD_RUNPATH_SEARCH_PATHS = (
					"$(inherited)",
					"@executable_path/Frameworks",
				);
				PRODUCT_BUNDLE_IDENTIFIER = pengsheng.SpritekitDemo;
				PRODUCT_NAME = "$(TARGET_NAME)";
				SWIFT_VERSION = 5.0;
				TARGETED_DEVICE_FAMILY = "1,2";
			};
			name = Debug;
		};
		E8D0F21E2544214A00BEC927 /* Release */ = {
			isa = XCBuildConfiguration;
			buildSettings = {
				ASSETCATALOG_COMPILER_APPICON_NAME = AppIcon;
				ASSETCATALOG_COMPILER_GLOBAL_ACCENT_COLOR_NAME = AccentColor;
				CODE_SIGN_STYLE = Automatic;
				DEVELOPMENT_TEAM = 9N24P72S89;
				INFOPLIST_FILE = SpritekitDemo/Info.plist;
				IPHONEOS_DEPLOYMENT_TARGET = 13.6;
				LD_RUNPATH_SEARCH_PATHS = (
					"$(inherited)",
					"@executable_path/Frameworks",
				);
				PRODUCT_BUNDLE_IDENTIFIER = pengsheng.SpritekitDemo;
				PRODUCT_NAME = "$(TARGET_NAME)";
				SWIFT_VERSION = 5.0;
				TARGETED_DEVICE_FAMILY = "1,2";
			};
			name = Release;
		};
		E8D0F2202544214A00BEC927 /* Debug */ = {
			isa = XCBuildConfiguration;
			buildSettings = {
				ALWAYS_EMBED_SWIFT_STANDARD_LIBRARIES = YES;
				BUNDLE_LOADER = "$(TEST_HOST)";
				CODE_SIGN_STYLE = Automatic;
				DEVELOPMENT_TEAM = 9N24P72S89;
				INFOPLIST_FILE = SpritekitDemoTests/Info.plist;
				IPHONEOS_DEPLOYMENT_TARGET = 14.1;
				LD_RUNPATH_SEARCH_PATHS = (
					"$(inherited)",
					"@executable_path/Frameworks",
					"@loader_path/Frameworks",
				);
				PRODUCT_BUNDLE_IDENTIFIER = pengsheng.SpritekitDemoTests;
				PRODUCT_NAME = "$(TARGET_NAME)";
				SWIFT_VERSION = 5.0;
				TARGETED_DEVICE_FAMILY = "1,2";
				TEST_HOST = "$(BUILT_PRODUCTS_DIR)/SpritekitDemo.app/SpritekitDemo";
			};
			name = Debug;
		};
		E8D0F2212544214A00BEC927 /* Release */ = {
			isa = XCBuildConfiguration;
			buildSettings = {
				ALWAYS_EMBED_SWIFT_STANDARD_LIBRARIES = YES;
				BUNDLE_LOADER = "$(TEST_HOST)";
				CODE_SIGN_STYLE = Automatic;
				DEVELOPMENT_TEAM = 9N24P72S89;
				INFOPLIST_FILE = SpritekitDemoTests/Info.plist;
				IPHONEOS_DEPLOYMENT_TARGET = 14.1;
				LD_RUNPATH_SEARCH_PATHS = (
					"$(inherited)",
					"@executable_path/Frameworks",
					"@loader_path/Frameworks",
				);
				PRODUCT_BUNDLE_IDENTIFIER = pengsheng.SpritekitDemoTests;
				PRODUCT_NAME = "$(TARGET_NAME)";
				SWIFT_VERSION = 5.0;
				TARGETED_DEVICE_FAMILY = "1,2";
				TEST_HOST = "$(BUILT_PRODUCTS_DIR)/SpritekitDemo.app/SpritekitDemo";
			};
			name = Release;
		};
		E8D0F2232544214A00BEC927 /* Debug */ = {
			isa = XCBuildConfiguration;
			buildSettings = {
				ALWAYS_EMBED_SWIFT_STANDARD_LIBRARIES = YES;
				CODE_SIGN_STYLE = Automatic;
				DEVELOPMENT_TEAM = 9N24P72S89;
				INFOPLIST_FILE = SpritekitDemoUITests/Info.plist;
				LD_RUNPATH_SEARCH_PATHS = (
					"$(inherited)",
					"@executable_path/Frameworks",
					"@loader_path/Frameworks",
				);
				PRODUCT_BUNDLE_IDENTIFIER = pengsheng.SpritekitDemoUITests;
				PRODUCT_NAME = "$(TARGET_NAME)";
				SWIFT_VERSION = 5.0;
				TARGETED_DEVICE_FAMILY = "1,2";
				TEST_TARGET_NAME = SpritekitDemo;
			};
			name = Debug;
		};
		E8D0F2242544214A00BEC927 /* Release */ = {
			isa = XCBuildConfiguration;
			buildSettings = {
				ALWAYS_EMBED_SWIFT_STANDARD_LIBRARIES = YES;
				CODE_SIGN_STYLE = Automatic;
				DEVELOPMENT_TEAM = 9N24P72S89;
				INFOPLIST_FILE = SpritekitDemoUITests/Info.plist;
				LD_RUNPATH_SEARCH_PATHS = (
					"$(inherited)",
					"@executable_path/Frameworks",
					"@loader_path/Frameworks",
				);
				PRODUCT_BUNDLE_IDENTIFIER = pengsheng.SpritekitDemoUITests;
				PRODUCT_NAME = "$(TARGET_NAME)";
				SWIFT_VERSION = 5.0;
				TARGETED_DEVICE_FAMILY = "1,2";
				TEST_TARGET_NAME = SpritekitDemo;
			};
			name = Release;
		};
/* End XCBuildConfiguration section */

/* Begin XCConfigurationList section */
		E8D0F1ED2544214800BEC927 /* Build configuration list for PBXProject "SpritekitDemo" */ = {
			isa = XCConfigurationList;
			buildConfigurations = (
				E8D0F21A2544214A00BEC927 /* Debug */,
				E8D0F21B2544214A00BEC927 /* Release */,
			);
			defaultConfigurationIsVisible = 0;
			defaultConfigurationName = Release;
		};
		E8D0F21C2544214A00BEC927 /* Build configuration list for PBXNativeTarget "SpritekitDemo" */ = {
			isa = XCConfigurationList;
			buildConfigurations = (
				E8D0F21D2544214A00BEC927 /* Debug */,
				E8D0F21E2544214A00BEC927 /* Release */,
			);
			defaultConfigurationIsVisible = 0;
			defaultConfigurationName = Release;
		};
		E8D0F21F2544214A00BEC927 /* Build configuration list for PBXNativeTarget "SpritekitDemoTests" */ = {
			isa = XCConfigurationList;
			buildConfigurations = (
				E8D0F2202544214A00BEC927 /* Debug */,
				E8D0F2212544214A00BEC927 /* Release */,
			);
			defaultConfigurationIsVisible = 0;
			defaultConfigurationName = Release;
		};
		E8D0F2222544214A00BEC927 /* Build configuration list for PBXNativeTarget "SpritekitDemoUITests" */ = {
			isa = XCConfigurationList;
			buildConfigurations = (
				E8D0F2232544214A00BEC927 /* Debug */,
				E8D0F2242544214A00BEC927 /* Release */,
			);
			defaultConfigurationIsVisible = 0;
			defaultConfigurationName = Release;
		};
/* End XCConfigurationList section */
	};
	rootObject = E8D0F1EA2544214800BEC927 /* Project object */;
}
